
Microsoft Visual Studio Solution File, Format Version 12.00
# Visual Studio 15
VisualStudioVersion = 15.0.27428.2011
MinimumVisualStudioVersion = 10.0.40219.1
Project("{FAE04EC0-301F-11D3-BF4B-00C04F79EFBC}") = "Qoden_task1", "Qoden_task1\Qoden_task1.csproj", "{516B893D-E19A-4372-BD1A-6346990C13E6}"
EndProject
Global
	GlobalSection(SolutionConfigurationPlatforms) = preSolution
		Debug|Any CPU = Debug|Any CPU
		Release|Any CPU = Release|Any CPU
	EndGlobalSection
	GlobalSection(ProjectConfigurationPlatforms) = postSolution
		{516B893D-E19A-4372-BD1A-6346990C13E6}.Debug|Any CPU.ActiveCfg = Debug|Any CPU
		{516B893D-E19A-4372-BD1A-6346990C13E6}.Debug|Any CPU.Build.0 = Debug|Any CPU
		{516B893D-E19A-4372-BD1A-6346990C13E6}.Release|Any CPU.ActiveCfg = Release|Any CPU
		{516B893D-E19A-4372-BD1A-6346990C13E6}.Release|Any CPU.Build.0 = Release|Any CPU
	EndGlobalSection
	GlobalSection(SolutionProperties) = preSolution
		HideSolutionNode = FALSE
	EndGlobalSection
	GlobalSection(ExtensibilityGlobals) = postSolution
		SolutionGuid = {AC6DC2B2-DC9A-4E91-8B35-0D3F3DD4F967}
	EndGlobalSection
EndGlobal
